{
  "object": {
    "pins": [
      {
        "package": "FMDB",
        "repositoryURL": "https://github.com/ccgus/fmdb",
        "state": {
          "branch": null,
          "revision": "61e51fde7f7aab6554f30ab061cc588b28a97d04",
          "version": "2.7.7"
        }
      },
      {
        "package": "SnowplowTracker",
        "repositoryURL": "https://github.com/snowplow/snowplow-objc-tracker",
        "state": {
          "branch": null,
          "revision": "805dfc4aab4fd23c417677a5198a8860998f7f5a",
          "version": "2.2.2"
        }
      }
    ]
  },
  "version": 1
}
