{
  "object": {
    "pins": [
      {
        "package": "SophiSDKTracker",
        "repositoryURL": "https://github.com/globeandmail/sophi-sdk-ios-spm",
        "state": {
          "branch": null,
          "revision": "3878ddc68baba68abafa5a05dc5fd8e5a18a0afa",
          "version": "1.0.9"
        }
      }
    ]
  },
  "version": 1
}
