{
  "object": {
    "pins": [
      {
        "package": "SophiSDKTracker",
        "repositoryURL": "https://github.com/poplindata/ios-tracker-spm",
        "state": {
          "branch": null,
          "revision": "728d385245422a6316870e142715ea99e30b9be7",
          "version": "1.0.9"
        }
      }
    ]
  },
  "version": 1
}
